
Microsoft Visual Studio Solution File, Format Version 12.00
# Visual Studio Version 17
VisualStudioVersion = 17.7.34202.233
MinimumVisualStudioVersion = 10.0.40219.1
Project("{FAE04EC0-301F-11D3-BF4B-00C04F79EFBC}") = "ProjetAtelier", "ProjetAtelier\ProjetAtelier.csproj", "{BCC5F7B5-096A-48FE-A349-60F6681C54C0}"
EndProject
Global
	GlobalSection(SolutionConfigurationPlatforms) = preSolution
		Debug|Any CPU = Debug|Any CPU
		Release|Any CPU = Release|Any CPU
	EndGlobalSection
	GlobalSection(ProjectConfigurationPlatforms) = postSolution
		{BCC5F7B5-096A-48FE-A349-60F6681C54C0}.Debug|Any CPU.ActiveCfg = Debug|Any CPU
		{BCC5F7B5-096A-48FE-A349-60F6681C54C0}.Debug|Any CPU.Build.0 = Debug|Any CPU
		{BCC5F7B5-096A-48FE-A349-60F6681C54C0}.Release|Any CPU.ActiveCfg = Release|Any CPU
		{BCC5F7B5-096A-48FE-A349-60F6681C54C0}.Release|Any CPU.Build.0 = Release|Any CPU
	EndGlobalSection
	GlobalSection(SolutionProperties) = preSolution
		HideSolutionNode = FALSE
	EndGlobalSection
	GlobalSection(ExtensibilityGlobals) = postSolution
		SolutionGuid = {9E4925D9-2917-405B-B5F3-E0CA1F20E2D8}
	EndGlobalSection
EndGlobal
